// !$*UTF8*$!
{
	archiveVersion = 1;
	classes = {
	};
	objectVersion = 55;
	objects = {

/* Begin PBXBuildFile section */
		A3034952281407D0009284DA /* AppDelegate.swift in Sources */ = {isa = PBXBuildFile; fileRef = A3034951281407D0009284DA /* AppDelegate.swift */; };
		A3034954281407D0009284DA /* SceneDelegate.swift in Sources */ = {isa = PBXBuildFile; fileRef = A3034953281407D0009284DA /* SceneDelegate.swift */; };
		A3034959281407D1009284DA /* Main.storyboard in Resources */ = {isa = PBXBuildFile; fileRef = A3034957281407D1009284DA /* Main.storyboard */; };
		A303495B281407D9009284DA /* Assets.xcassets in Resources */ = {isa = PBXBuildFile; fileRef = A303495A281407D9009284DA /* Assets.xcassets */; };
		A303495E281407D9009284DA /* LaunchScreen.storyboard in Resources */ = {isa = PBXBuildFile; fileRef = A303495C281407D9009284DA /* LaunchScreen.storyboard */; };
		A303496B28140C57009284DA /* NetworkService.swift in Sources */ = {isa = PBXBuildFile; fileRef = A303496A28140C57009284DA /* NetworkService.swift */; };
		A303496D28140C95009284DA /* Character.swift in Sources */ = {isa = PBXBuildFile; fileRef = A303496C28140C95009284DA /* Character.swift */; };
		A303497128141206009284DA /* FirstScreenViewController.swift in Sources */ = {isa = PBXBuildFile; fileRef = A303497028141206009284DA /* FirstScreenViewController.swift */; };
		A303497328141216009284DA /* SecondScreenViewController.swift in Sources */ = {isa = PBXBuildFile; fileRef = A303497228141216009284DA /* SecondScreenViewController.swift */; };
		A30349782814134A009284DA /* CharacterTableViewCell.swift in Sources */ = {isa = PBXBuildFile; fileRef = A30349762814134A009284DA /* CharacterTableViewCell.swift */; };
		A30349792814134A009284DA /* CharacterTableViewCell.xib in Resources */ = {isa = PBXBuildFile; fileRef = A30349772814134A009284DA /* CharacterTableViewCell.xib */; };
		A3034981281452BF009284DA /* Alamofire in Frameworks */ = {isa = PBXBuildFile; productRef = A3034980281452BF009284DA /* Alamofire */; };
		A3034984281480BE009284DA /* Location.swift in Sources */ = {isa = PBXBuildFile; fileRef = A3034983281480BE009284DA /* Location.swift */; };
		A30349862814886C009284DA /* PageInfo.swift in Sources */ = {isa = PBXBuildFile; fileRef = A30349852814886C009284DA /* PageInfo.swift */; };
		A303498928149155009284DA /* ListOfCharacters.swift in Sources */ = {isa = PBXBuildFile; fileRef = A303498828149155009284DA /* ListOfCharacters.swift */; };
		A3B5096528160495007F5212 /* Kingfisher in Frameworks */ = {isa = PBXBuildFile; productRef = A3B5096428160495007F5212 /* Kingfisher */; };
/* End PBXBuildFile section */

/* Begin PBXFileReference section */
		A303494E281407D0009284DA /* TestRickAndMorty.app */ = {isa = PBXFileReference; explicitFileType = wrapper.application; includeInIndex = 0; path = TestRickAndMorty.app; sourceTree = BUILT_PRODUCTS_DIR; };
		A3034951281407D0009284DA /* AppDelegate.swift */ = {isa = PBXFileReference; lastKnownFileType = sourcecode.swift; path = AppDelegate.swift; sourceTree = "<group>"; };
		A3034953281407D0009284DA /* SceneDelegate.swift */ = {isa = PBXFileReference; lastKnownFileType = sourcecode.swift; path = SceneDelegate.swift; sourceTree = "<group>"; };
		A3034958281407D1009284DA /* Base */ = {isa = PBXFileReference; lastKnownFileType = file.storyboard; name = Base; path = Base.lproj/Main.storyboard; sourceTree = "<group>"; };
		A303495A281407D9009284DA /* Assets.xcassets */ = {isa = PBXFileReference; lastKnownFileType = folder.assetcatalog; path = Assets.xcassets; sourceTree = "<group>"; };
		A303495D281407D9009284DA /* Base */ = {isa = PBXFileReference; lastKnownFileType = file.storyboard; name = Base; path = Base.lproj/LaunchScreen.storyboard; sourceTree = "<group>"; };
		A303495F281407D9009284DA /* Info.plist */ = {isa = PBXFileReference; lastKnownFileType = text.plist.xml; path = Info.plist; sourceTree = "<group>"; };
		A303496A28140C57009284DA /* NetworkService.swift */ = {isa = PBXFileReference; lastKnownFileType = sourcecode.swift; path = NetworkService.swift; sourceTree = "<group>"; };
		A303496C28140C95009284DA /* Character.swift */ = {isa = PBXFileReference; lastKnownFileType = sourcecode.swift; path = Character.swift; sourceTree = "<group>"; };
		A303497028141206009284DA /* FirstScreenViewController.swift */ = {isa = PBXFileReference; lastKnownFileType = sourcecode.swift; path = FirstScreenViewController.swift; sourceTree = "<group>"; };
		A303497228141216009284DA /* SecondScreenViewController.swift */ = {isa = PBXFileReference; lastKnownFileType = sourcecode.swift; path = SecondScreenViewController.swift; sourceTree = "<group>"; };
		A30349762814134A009284DA /* CharacterTableViewCell.swift */ = {isa = PBXFileReference; lastKnownFileType = sourcecode.swift; path = CharacterTableViewCell.swift; sourceTree = "<group>"; };
		A30349772814134A009284DA /* CharacterTableViewCell.xib */ = {isa = PBXFileReference; lastKnownFileType = file.xib; path = CharacterTableViewCell.xib; sourceTree = "<group>"; };
		A3034983281480BE009284DA /* Location.swift */ = {isa = PBXFileReference; lastKnownFileType = sourcecode.swift; path = Location.swift; sourceTree = "<group>"; };
		A30349852814886C009284DA /* PageInfo.swift */ = {isa = PBXFileReference; lastKnownFileType = sourcecode.swift; path = PageInfo.swift; sourceTree = "<group>"; };
		A303498828149155009284DA /* ListOfCharacters.swift */ = {isa = PBXFileReference; lastKnownFileType = sourcecode.swift; path = ListOfCharacters.swift; sourceTree = "<group>"; };
/* End PBXFileReference section */

/* Begin PBXFrameworksBuildPhase section */
		A303494B281407D0009284DA /* Frameworks */ = {
			isa = PBXFrameworksBuildPhase;
			buildActionMask = 2147483647;
			files = (
				A3B5096528160495007F5212 /* Kingfisher in Frameworks */,
				A3034981281452BF009284DA /* Alamofire in Frameworks */,
			);
			runOnlyForDeploymentPostprocessing = 0;
		};
/* End PBXFrameworksBuildPhase section */

/* Begin PBXGroup section */
		A3034945281407D0009284DA = {
			isa = PBXGroup;
			children = (
				A3034950281407D0009284DA /* TestRickAndMorty */,
				A303494F281407D0009284DA /* Products */,
			);
			sourceTree = "<group>";
		};
		A303494F281407D0009284DA /* Products */ = {
			isa = PBXGroup;
			children = (
				A303494E281407D0009284DA /* TestRickAndMorty.app */,
			);
			name = Products;
			sourceTree = "<group>";
		};
		A3034950281407D0009284DA /* TestRickAndMorty */ = {
			isa = PBXGroup;
			children = (
				A303496928140BE1009284DA /* NetworkService */,
				A3034975281412B6009284DA /* Presentation */,
				A3034965281409C1009284DA /* Models */,
				A303496828140A70009284DA /* Resources */,
				A3034953281407D0009284DA /* SceneDelegate.swift */,
				A3034951281407D0009284DA /* AppDelegate.swift */,
				A3034957281407D1009284DA /* Main.storyboard */,
			);
			path = TestRickAndMorty;
			sourceTree = "<group>";
		};
		A3034965281409C1009284DA /* Models */ = {
			isa = PBXGroup;
			children = (
				A303496C28140C95009284DA /* Character.swift */,
				A3034983281480BE009284DA /* Location.swift */,
				A30349852814886C009284DA /* PageInfo.swift */,
				A303498828149155009284DA /* ListOfCharacters.swift */,
			);
			path = Models;
			sourceTree = "<group>";
		};
		A3034966281409D0009284DA /* FirstScreen */ = {
			isa = PBXGroup;
			children = (
				A303497428141295009284DA /* Views */,
				A303497028141206009284DA /* FirstScreenViewController.swift */,
			);
			path = FirstScreen;
			sourceTree = "<group>";
		};
		A303496728140A57009284DA /* SecondScreen */ = {
			isa = PBXGroup;
			children = (
				A303497228141216009284DA /* SecondScreenViewController.swift */,
			);
			path = SecondScreen;
			sourceTree = "<group>";
		};
		A303496828140A70009284DA /* Resources */ = {
			isa = PBXGroup;
			children = (
				A303495A281407D9009284DA /* Assets.xcassets */,
				A303495C281407D9009284DA /* LaunchScreen.storyboard */,
				A303495F281407D9009284DA /* Info.plist */,
			);
			path = Resources;
			sourceTree = "<group>";
		};
		A303496928140BE1009284DA /* NetworkService */ = {
			isa = PBXGroup;
			children = (
				A303496A28140C57009284DA /* NetworkService.swift */,
			);
			path = NetworkService;
			sourceTree = "<group>";
		};
		A303497428141295009284DA /* Views */ = {
			isa = PBXGroup;
			children = (
				A30349762814134A009284DA /* CharacterTableViewCell.swift */,
				A30349772814134A009284DA /* CharacterTableViewCell.xib */,
			);
			path = Views;
			sourceTree = "<group>";
		};
		A3034975281412B6009284DA /* Presentation */ = {
			isa = PBXGroup;
			children = (
				A3034966281409D0009284DA /* FirstScreen */,
				A303496728140A57009284DA /* SecondScreen */,
			);
			path = Presentation;
			sourceTree = "<group>";
		};
/* End PBXGroup section */

/* Begin PBXNativeTarget section */
		A303494D281407D0009284DA /* TestRickAndMorty */ = {
			isa = PBXNativeTarget;
			buildConfigurationList = A3034962281407D9009284DA /* Build configuration list for PBXNativeTarget "TestRickAndMorty" */;
			buildPhases = (
				A303494A281407D0009284DA /* Sources */,
				A303494B281407D0009284DA /* Frameworks */,
				A303494C281407D0009284DA /* Resources */,
			);
			buildRules = (
			);
			dependencies = (
			);
			name = TestRickAndMorty;
			packageProductDependencies = (
				A3034980281452BF009284DA /* Alamofire */,
				A3B5096428160495007F5212 /* Kingfisher */,
			);
			productName = TestRickAndMorty;
			productReference = A303494E281407D0009284DA /* TestRickAndMorty.app */;
			productType = "com.apple.product-type.application";
		};
/* End PBXNativeTarget section */

/* Begin PBXProject section */
		A3034946281407D0009284DA /* Project object */ = {
			isa = PBXProject;
			attributes = {
				BuildIndependentTargetsInParallel = 1;
				LastSwiftUpdateCheck = 1330;
				LastUpgradeCheck = 1330;
				TargetAttributes = {
					A303494D281407D0009284DA = {
						CreatedOnToolsVersion = 13.3.1;
					};
				};
			};
			buildConfigurationList = A3034949281407D0009284DA /* Build configuration list for PBXProject "TestRickAndMorty" */;
			compatibilityVersion = "Xcode 13.0";
			developmentRegion = en;
			hasScannedForEncodings = 0;
			knownRegions = (
				en,
				Base,
			);
			mainGroup = A3034945281407D0009284DA;
			packageReferences = (
				A303497F281452BF009284DA /* XCRemoteSwiftPackageReference "Alamofire" */,
				A3B5096328160495007F5212 /* XCRemoteSwiftPackageReference "Kingfisher" */,
			);
			productRefGroup = A303494F281407D0009284DA /* Products */;
			projectDirPath = "";
			projectRoot = "";
			targets = (
				A303494D281407D0009284DA /* TestRickAndMorty */,
			);
		};
/* End PBXProject section */

/* Begin PBXResourcesBuildPhase section */
		A303494C281407D0009284DA /* Resources */ = {
			isa = PBXResourcesBuildPhase;
			buildActionMask = 2147483647;
			files = (
				A303495E281407D9009284DA /* LaunchScreen.storyboard in Resources */,
				A303495B281407D9009284DA /* Assets.xcassets in Resources */,
				A3034959281407D1009284DA /* Main.storyboard in Resources */,
				A30349792814134A009284DA /* CharacterTableViewCell.xib in Resources */,
			);
			runOnlyForDeploymentPostprocessing = 0;
		};
/* End PBXResourcesBuildPhase section */

/* Begin PBXSourcesBuildPhase section */
		A303494A281407D0009284DA /* Sources */ = {
			isa = PBXSourcesBuildPhase;
			buildActionMask = 2147483647;
			files = (
				A3034952281407D0009284DA /* AppDelegate.swift in Sources */,
				A303497128141206009284DA /* FirstScreenViewController.swift in Sources */,
				A303496B28140C57009284DA /* NetworkService.swift in Sources */,
				A303497328141216009284DA /* SecondScreenViewController.swift in Sources */,
				A3034954281407D0009284DA /* SceneDelegate.swift in Sources */,
				A30349862814886C009284DA /* PageInfo.swift in Sources */,
				A303498928149155009284DA /* ListOfCharacters.swift in Sources */,
				A3034984281480BE009284DA /* Location.swift in Sources */,
				A303496D28140C95009284DA /* Character.swift in Sources */,
				A30349782814134A009284DA /* CharacterTableViewCell.swift in Sources */,
			);
			runOnlyForDeploymentPostprocessing = 0;
		};
/* End PBXSourcesBuildPhase section */

/* Begin PBXVariantGroup section */
		A3034957281407D1009284DA /* Main.storyboard */ = {
			isa = PBXVariantGroup;
			children = (
				A3034958281407D1009284DA /* Base */,
			);
			name = Main.storyboard;
			sourceTree = "<group>";
		};
		A303495C281407D9009284DA /* LaunchScreen.storyboard */ = {
			isa = PBXVariantGroup;
			children = (
				A303495D281407D9009284DA /* Base */,
			);
			name = LaunchScreen.storyboard;
			sourceTree = "<group>";
		};
/* End PBXVariantGroup section */

/* Begin XCBuildConfiguration section */
		A3034960281407D9009284DA /* Debug */ = {
			isa = XCBuildConfiguration;
			buildSettings = {
				ALWAYS_SEARCH_USER_PATHS = NO;
				CLANG_ANALYZER_NONNULL = YES;
				CLANG_ANALYZER_NUMBER_OBJECT_CONVERSION = YES_AGGRESSIVE;
				CLANG_CXX_LANGUAGE_STANDARD = "gnu++17";
				CLANG_ENABLE_MODULES = YES;
				CLANG_ENABLE_OBJC_ARC = YES;
				CLANG_ENABLE_OBJC_WEAK = YES;
				CLANG_WARN_BLOCK_CAPTURE_AUTORELEASING = YES;
				CLANG_WARN_BOOL_CONVERSION = YES;
				CLANG_WARN_COMMA = YES;
				CLANG_WARN_CONSTANT_CONVERSION = YES;
				CLANG_WARN_DEPRECATED_OBJC_IMPLEMENTATIONS = YES;
				CLANG_WARN_DIRECT_OBJC_ISA_USAGE = YES_ERROR;
				CLANG_WARN_DOCUMENTATION_COMMENTS = YES;
				CLANG_WARN_EMPTY_BODY = YES;
				CLANG_WARN_ENUM_CONVERSION = YES;
				CLANG_WARN_INFINITE_RECURSION = YES;
				CLANG_WARN_INT_CONVERSION = YES;
				CLANG_WARN_NON_LITERAL_NULL_CONVERSION = YES;
				CLANG_WARN_OBJC_IMPLICIT_RETAIN_SELF = YES;
				CLANG_WARN_OBJC_LITERAL_CONVERSION = YES;
				CLANG_WARN_OBJC_ROOT_CLASS = YES_ERROR;
				CLANG_WARN_QUOTED_INCLUDE_IN_FRAMEWORK_HEADER = YES;
				CLANG_WARN_RANGE_LOOP_ANALYSIS = YES;
				CLANG_WARN_STRICT_PROTOTYPES = YES;
				CLANG_WARN_SUSPICIOUS_MOVE = YES;
				CLANG_WARN_UNGUARDED_AVAILABILITY = YES_AGGRESSIVE;
				CLANG_WARN_UNREACHABLE_CODE = YES;
				CLANG_WARN__DUPLICATE_METHOD_MATCH = YES;
				COPY_PHASE_STRIP = NO;
				DEBUG_INFORMATION_FORMAT = dwarf;
				ENABLE_STRICT_OBJC_MSGSEND = YES;
				ENABLE_TESTABILITY = YES;
				GCC_C_LANGUAGE_STANDARD = gnu11;
				GCC_DYNAMIC_NO_PIC = NO;
				GCC_NO_COMMON_BLOCKS = YES;
				GCC_OPTIMIZATION_LEVEL = 0;
				GCC_PREPROCESSOR_DEFINITIONS = (
					"DEBUG=1",
					"$(inherited)",
				);
				GCC_WARN_64_TO_32_BIT_CONVERSION = YES;
				GCC_WARN_ABOUT_RETURN_TYPE = YES_ERROR;
				GCC_WARN_UNDECLARED_SELECTOR = YES;
				GCC_WARN_UNINITIALIZED_AUTOS = YES_AGGRESSIVE;
				GCC_WARN_UNUSED_FUNCTION = YES;
				GCC_WARN_UNUSED_VARIABLE = YES;
				IPHONEOS_DEPLOYMENT_TARGET = 15.4;
				MTL_ENABLE_DEBUG_INFO = INCLUDE_SOURCE;
				MTL_FAST_MATH = YES;
				ONLY_ACTIVE_ARCH = YES;
				SDKROOT = iphoneos;
				SWIFT_ACTIVE_COMPILATION_CONDITIONS = DEBUG;
				SWIFT_OPTIMIZATION_LEVEL = "-Onone";
			};
			name = Debug;
		};
		A3034961281407D9009284DA /* Release */ = {
			isa = XCBuildConfiguration;
			buildSettings = {
				ALWAYS_SEARCH_USER_PATHS = NO;
				CLANG_ANALYZER_NONNULL = YES;
				CLANG_ANALYZER_NUMBER_OBJECT_CONVERSION = YES_AGGRESSIVE;
				CLANG_CXX_LANGUAGE_STANDARD = "gnu++17";
				CLANG_ENABLE_MODULES = YES;
				CLANG_ENABLE_OBJC_ARC = YES;
				CLANG_ENABLE_OBJC_WEAK = YES;
				CLANG_WARN_BLOCK_CAPTURE_AUTORELEASING = YES;
				CLANG_WARN_BOOL_CONVERSION = YES;
				CLANG_WARN_COMMA = YES;
				CLANG_WARN_CONSTANT_CONVERSION = YES;
				CLANG_WARN_DEPRECATED_OBJC_IMPLEMENTATIONS = YES;
				CLANG_WARN_DIRECT_OBJC_ISA_USAGE = YES_ERROR;
				CLANG_WARN_DOCUMENTATION_COMMENTS = YES;
				CLANG_WARN_EMPTY_BODY = YES;
				CLANG_WARN_ENUM_CONVERSION = YES;
				CLANG_WARN_INFINITE_RECURSION = YES;
				CLANG_WARN_INT_CONVERSION = YES;
				CLANG_WARN_NON_LITERAL_NULL_CONVERSION = YES;
				CLANG_WARN_OBJC_IMPLICIT_RETAIN_SELF = YES;
				CLANG_WARN_OBJC_LITERAL_CONVERSION = YES;
				CLANG_WARN_OBJC_ROOT_CLASS = YES_ERROR;
				CLANG_WARN_QUOTED_INCLUDE_IN_FRAMEWORK_HEADER = YES;
				CLANG_WARN_RANGE_LOOP_ANALYSIS = YES;
				CLANG_WARN_STRICT_PROTOTYPES = YES;
				CLANG_WARN_SUSPICIOUS_MOVE = YES;
				CLANG_WARN_UNGUARDED_AVAILABILITY = YES_AGGRESSIVE;
				CLANG_WARN_UNREACHABLE_CODE = YES;
				CLANG_WARN__DUPLICATE_METHOD_MATCH = YES;
				COPY_PHASE_STRIP = NO;
				DEBUG_INFORMATION_FORMAT = "dwarf-with-dsym";
				ENABLE_NS_ASSERTIONS = NO;
				ENABLE_STRICT_OBJC_MSGSEND = YES;
				GCC_C_LANGUAGE_STANDARD = gnu11;
				GCC_NO_COMMON_BLOCKS = YES;
				GCC_WARN_64_TO_32_BIT_CONVERSION = YES;
				GCC_WARN_ABOUT_RETURN_TYPE = YES_ERROR;
				GCC_WARN_UNDECLARED_SELECTOR = YES;
				GCC_WARN_UNINITIALIZED_AUTOS = YES_AGGRESSIVE;
				GCC_WARN_UNUSED_FUNCTION = YES;
				GCC_WARN_UNUSED_VARIABLE = YES;
				IPHONEOS_DEPLOYMENT_TARGET = 15.4;
				MTL_ENABLE_DEBUG_INFO = NO;
				MTL_FAST_MATH = YES;
				SDKROOT = iphoneos;
				SWIFT_COMPILATION_MODE = wholemodule;
				SWIFT_OPTIMIZATION_LEVEL = "-O";
				VALIDATE_PRODUCT = YES;
			};
			name = Release;
		};
		A3034963281407D9009284DA /* Debug */ = {
			isa = XCBuildConfiguration;
			buildSettings = {
				ASSETCATALOG_COMPILER_APPICON_NAME = AppIcon;
				ASSETCATALOG_COMPILER_GLOBAL_ACCENT_COLOR_NAME = AccentColor;
				CODE_SIGN_STYLE = Automatic;
				CURRENT_PROJECT_VERSION = 1;
				DEVELOPMENT_TEAM = SB3B62C7R7;
				GENERATE_INFOPLIST_FILE = YES;
				INFOPLIST_FILE = TestRickAndMorty/Resources/Info.plist;
				INFOPLIST_KEY_UIApplicationSupportsIndirectInputEvents = YES;
				INFOPLIST_KEY_UILaunchStoryboardName = LaunchScreen;
				INFOPLIST_KEY_UIMainStoryboardFile = Main;
				INFOPLIST_KEY_UISupportedInterfaceOrientations_iPad = "UIInterfaceOrientationPortrait UIInterfaceOrientationPortraitUpsideDown UIInterfaceOrientationLandscapeLeft UIInterfaceOrientationLandscapeRight";
				INFOPLIST_KEY_UISupportedInterfaceOrientations_iPhone = "UIInterfaceOrientationPortrait UIInterfaceOrientationLandscapeLeft UIInterfaceOrientationLandscapeRight";
				LD_RUNPATH_SEARCH_PATHS = (
					"$(inherited)",
					"@executable_path/Frameworks",
				);
				MARKETING_VERSION = 1.0;
				PRODUCT_BUNDLE_IDENTIFIER = itis.TestRickAndMorty;
				PRODUCT_NAME = "$(TARGET_NAME)";
				SWIFT_EMIT_LOC_STRINGS = YES;
				SWIFT_VERSION = 5.0;
				TARGETED_DEVICE_FAMILY = "1,2";
			};
			name = Debug;
		};
		A3034964281407D9009284DA /* Release */ = {
			isa = XCBuildConfiguration;
			buildSettings = {
				ASSETCATALOG_COMPILER_APPICON_NAME = AppIcon;
				ASSETCATALOG_COMPILER_GLOBAL_ACCENT_COLOR_NAME = AccentColor;
				CODE_SIGN_STYLE = Automatic;
				CURRENT_PROJECT_VERSION = 1;
				DEVELOPMENT_TEAM = SB3B62C7R7;
				GENERATE_INFOPLIST_FILE = YES;
				INFOPLIST_FILE = TestRickAndMorty/Resources/Info.plist;
				INFOPLIST_KEY_UIApplicationSupportsIndirectInputEvents = YES;
				INFOPLIST_KEY_UILaunchStoryboardName = LaunchScreen;
				INFOPLIST_KEY_UIMainStoryboardFile = Main;
				INFOPLIST_KEY_UISupportedInterfaceOrientations_iPad = "UIInterfaceOrientationPortrait UIInterfaceOrientationPortraitUpsideDown UIInterfaceOrientationLandscapeLeft UIInterfaceOrientationLandscapeRight";
				INFOPLIST_KEY_UISupportedInterfaceOrientations_iPhone = "UIInterfaceOrientationPortrait UIInterfaceOrientationLandscapeLeft UIInterfaceOrientationLandscapeRight";
				LD_RUNPATH_SEARCH_PATHS = (
					"$(inherited)",
					"@executable_path/Frameworks",
				);
				MARKETING_VERSION = 1.0;
				PRODUCT_BUNDLE_IDENTIFIER = itis.TestRickAndMorty;
				PRODUCT_NAME = "$(TARGET_NAME)";
				SWIFT_EMIT_LOC_STRINGS = YES;
				SWIFT_VERSION = 5.0;
				TARGETED_DEVICE_FAMILY = "1,2";
			};
			name = Release;
		};
/* End XCBuildConfiguration section */

/* Begin XCConfigurationList section */
		A3034949281407D0009284DA /* Build configuration list for PBXProject "TestRickAndMorty" */ = {
			isa = XCConfigurationList;
			buildConfigurations = (
				A3034960281407D9009284DA /* Debug */,
				A3034961281407D9009284DA /* Release */,
			);
			defaultConfigurationIsVisible = 0;
			defaultConfigurationName = Release;
		};
		A3034962281407D9009284DA /* Build configuration list for PBXNativeTarget "TestRickAndMorty" */ = {
			isa = XCConfigurationList;
			buildConfigurations = (
				A3034963281407D9009284DA /* Debug */,
				A3034964281407D9009284DA /* Release */,
			);
			defaultConfigurationIsVisible = 0;
			defaultConfigurationName = Release;
		};
/* End XCConfigurationList section */

/* Begin XCRemoteSwiftPackageReference section */
		A303497F281452BF009284DA /* XCRemoteSwiftPackageReference "Alamofire" */ = {
			isa = XCRemoteSwiftPackageReference;
			repositoryURL = "https://github.com/Alamofire/Alamofire";
			requirement = {
				kind = upToNextMajorVersion;
				minimumVersion = 5.0.0;
			};
		};
		A3B5096328160495007F5212 /* XCRemoteSwiftPackageReference "Kingfisher" */ = {
			isa = XCRemoteSwiftPackageReference;
			repositoryURL = "https://github.com/onevcat/Kingfisher";
			requirement = {
				kind = upToNextMajorVersion;
				minimumVersion = 7.0.0;
			};
		};
/* End XCRemoteSwiftPackageReference section */

/* Begin XCSwiftPackageProductDependency section */
		A3034980281452BF009284DA /* Alamofire */ = {
			isa = XCSwiftPackageProductDependency;
			package = A303497F281452BF009284DA /* XCRemoteSwiftPackageReference "Alamofire" */;
			productName = Alamofire;
		};
		A3B5096428160495007F5212 /* Kingfisher */ = {
			isa = XCSwiftPackageProductDependency;
			package = A3B5096328160495007F5212 /* XCRemoteSwiftPackageReference "Kingfisher" */;
			productName = Kingfisher;
		};
/* End XCSwiftPackageProductDependency section */
	};
	rootObject = A3034946281407D0009284DA /* Project object */;
}
